
Microsoft Visual Studio Solution File, Format Version 12.00
# Visual Studio Version 17
VisualStudioVersion = 17.12.35728.132 d17.12
MinimumVisualStudioVersion = 10.0.40219.1
Project("{FAE04EC0-301F-11D3-BF4B-00C04F79EFBC}") = "manga_reader_web", "manga_reader_web.csproj", "{7CBB7C80-AB68-4BF1-AA2A-B147C4F2D39A}"
EndProject
Global
	GlobalSection(SolutionConfigurationPlatforms) = preSolution
		Debug|Any CPU = Debug|Any CPU
		Release|Any CPU = Release|Any CPU
	EndGlobalSection
	GlobalSection(ProjectConfigurationPlatforms) = postSolution
		{7CBB7C80-AB68-4BF1-AA2A-B147C4F2D39A}.Debug|Any CPU.ActiveCfg = Debug|Any CPU
		{7CBB7C80-AB68-4BF1-AA2A-B147C4F2D39A}.Debug|Any CPU.Build.0 = Debug|Any CPU
		{7CBB7C80-AB68-4BF1-AA2A-B147C4F2D39A}.Release|Any CPU.ActiveCfg = Release|Any CPU
		{7CBB7C80-AB68-4BF1-AA2A-B147C4F2D39A}.Release|Any CPU.Build.0 = Release|Any CPU
	EndGlobalSection
	GlobalSection(SolutionProperties) = preSolution
		HideSolutionNode = FALSE
	EndGlobalSection
EndGlobal
